
Microsoft Visual Studio Solution File, Format Version 12.00
# Visual Studio Version 16
VisualStudioVersion = 16.0.31515.178
MinimumVisualStudioVersion = 10.0.40219.1
Project("{FAE04EC0-301F-11D3-BF4B-00C04F79EFBC}") = "BirEylulMarket", "BirEylulMarket\BirEylulMarket.csproj", "{124388B8-675D-4CAF-BE4A-34272FD69EBC}"
EndProject
Global
	GlobalSection(SolutionConfigurationPlatforms) = preSolution
		Debug|Any CPU = Debug|Any CPU
		Release|Any CPU = Release|Any CPU
	EndGlobalSection
	GlobalSection(ProjectConfigurationPlatforms) = postSolution
		{124388B8-675D-4CAF-BE4A-34272FD69EBC}.Debug|Any CPU.ActiveCfg = Debug|Any CPU
		{124388B8-675D-4CAF-BE4A-34272FD69EBC}.Debug|Any CPU.Build.0 = Debug|Any CPU
		{124388B8-675D-4CAF-BE4A-34272FD69EBC}.Release|Any CPU.ActiveCfg = Release|Any CPU
		{124388B8-675D-4CAF-BE4A-34272FD69EBC}.Release|Any CPU.Build.0 = Release|Any CPU
	EndGlobalSection
	GlobalSection(SolutionProperties) = preSolution
		HideSolutionNode = FALSE
	EndGlobalSection
	GlobalSection(ExtensibilityGlobals) = postSolution
		SolutionGuid = {13C4AD3D-0DC1-4AAC-B859-9C39CC7F4958}
	EndGlobalSection
EndGlobal
